
Microsoft Visual Studio Solution File, Format Version 12.00
# Visual Studio 2012
Project("{FAE04EC0-301F-11D3-BF4B-00C04F79EFBC}") = "MD5HashCheckGUI", "MD5HashCheckGUI\MD5HashCheckGUI.csproj", "{9420EEB6-F498-4E2A-AE5E-8FA4A2A71FB0}"
EndProject
Global
	GlobalSection(SolutionConfigurationPlatforms) = preSolution
		Debug|Any CPU = Debug|Any CPU
		Release|Any CPU = Release|Any CPU
	EndGlobalSection
	GlobalSection(ProjectConfigurationPlatforms) = postSolution
		{9420EEB6-F498-4E2A-AE5E-8FA4A2A71FB0}.Debug|Any CPU.ActiveCfg = Debug|Any CPU
		{9420EEB6-F498-4E2A-AE5E-8FA4A2A71FB0}.Debug|Any CPU.Build.0 = Debug|Any CPU
		{9420EEB6-F498-4E2A-AE5E-8FA4A2A71FB0}.Release|Any CPU.ActiveCfg = Release|Any CPU
		{9420EEB6-F498-4E2A-AE5E-8FA4A2A71FB0}.Release|Any CPU.Build.0 = Release|Any CPU
	EndGlobalSection
	GlobalSection(SolutionProperties) = preSolution
		HideSolutionNode = FALSE
	EndGlobalSection
EndGlobal
